
Microsoft Visual Studio Solution File, Format Version 12.00
# Visual Studio Version 17
VisualStudioVersion = 17.11.35208.52
MinimumVisualStudioVersion = 10.0.40219.1
Project("{FAE04EC0-301F-11D3-BF4B-00C04F79EFBC}") = "TeslaGateSwitcher", "TeslaGateSwitcher\TeslaGateSwitcher.csproj", "{3A976F01-FEED-4923-9C70-AC16006CE16D}"
EndProject
Global
	GlobalSection(SolutionConfigurationPlatforms) = preSolution
		Debug|Any CPU = Debug|Any CPU
		Release|Any CPU = Release|Any CPU
	EndGlobalSection
	GlobalSection(ProjectConfigurationPlatforms) = postSolution
		{3A976F01-FEED-4923-9C70-AC16006CE16D}.Debug|Any CPU.ActiveCfg = Debug|Any CPU
		{3A976F01-FEED-4923-9C70-AC16006CE16D}.Debug|Any CPU.Build.0 = Debug|Any CPU
		{3A976F01-FEED-4923-9C70-AC16006CE16D}.Release|Any CPU.ActiveCfg = Release|Any CPU
		{3A976F01-FEED-4923-9C70-AC16006CE16D}.Release|Any CPU.Build.0 = Release|Any CPU
	EndGlobalSection
	GlobalSection(SolutionProperties) = preSolution
		HideSolutionNode = FALSE
	EndGlobalSection
	GlobalSection(ExtensibilityGlobals) = postSolution
		SolutionGuid = {2A0BFDAA-0377-46A2-A923-41FA26863AC5}
	EndGlobalSection
EndGlobal
